{
  "object": {
    "pins": [
      {
        "package": "Analytics",
        "repositoryURL": "git@github.com:rzeszot-pro/analytics-ios.git",
        "state": {
          "branch": null,
          "revision": "310c0963cb26a1eaa901bdf08175e2553f10c623",
          "version": "1.0.5"
        }
      }
    ]
  },
  "version": 1
}
