{
  "object": {
    "pins": [
      {
        "package": "Analytics",
        "repositoryURL": "git@github.com:rzeszot-pro/analytics-ios.git",
        "state": {
          "branch": null,
          "revision": "a08fbd413b99362abcabd05f44b0a6fdb148b611",
          "version": "1.1.0"
        }
      }
    ]
  },
  "version": 1
}
