{
  "object": {
    "pins": [
      {
        "package": "Analytics",
        "repositoryURL": "git@github.com:rzeszot-pro/analytics-ios.git",
        "state": {
          "branch": null,
          "revision": "c3eff90eb5f0ee221de8450433fd31013d803ce5",
          "version": "1.0.3"
        }
      },
      {
        "package": "Imitate",
        "repositoryURL": "git@github.com:rzeszot-pro/imitate-lib.git",
        "state": {
          "branch": null,
          "revision": "42a062fab2383e32399044a80600f65f23003044",
          "version": "2.0.0"
        }
      }
    ]
  },
  "version": 1
}
